
Microsoft Visual Studio Solution File, Format Version 12.00
# Visual Studio Version 16
VisualStudioVersion = 16.0.31911.196
MinimumVisualStudioVersion = 10.0.40219.1
Project("{8BC9CEB8-8B4A-11D0-8D11-00A0C91BC942}") = "CPP_Ch13_Project_CountChars_KatieSmith", "CPP_Ch13_Project_CountChars_KatieSmith\CPP_Ch13_Project_CountChars_KatieSmith.vcxproj", "{B7A10FCF-0E68-4D38-B0D3-5610497BABC5}"
EndProject
Global
	GlobalSection(SolutionConfigurationPlatforms) = preSolution
		Debug|x64 = Debug|x64
		Debug|x86 = Debug|x86
		Release|x64 = Release|x64
		Release|x86 = Release|x86
	EndGlobalSection
	GlobalSection(ProjectConfigurationPlatforms) = postSolution
		{B7A10FCF-0E68-4D38-B0D3-5610497BABC5}.Debug|x64.ActiveCfg = Debug|x64
		{B7A10FCF-0E68-4D38-B0D3-5610497BABC5}.Debug|x64.Build.0 = Debug|x64
		{B7A10FCF-0E68-4D38-B0D3-5610497BABC5}.Debug|x86.ActiveCfg = Debug|Win32
		{B7A10FCF-0E68-4D38-B0D3-5610497BABC5}.Debug|x86.Build.0 = Debug|Win32
		{B7A10FCF-0E68-4D38-B0D3-5610497BABC5}.Release|x64.ActiveCfg = Release|x64
		{B7A10FCF-0E68-4D38-B0D3-5610497BABC5}.Release|x64.Build.0 = Release|x64
		{B7A10FCF-0E68-4D38-B0D3-5610497BABC5}.Release|x86.ActiveCfg = Release|Win32
		{B7A10FCF-0E68-4D38-B0D3-5610497BABC5}.Release|x86.Build.0 = Release|Win32
	EndGlobalSection
	GlobalSection(SolutionProperties) = preSolution
		HideSolutionNode = FALSE
	EndGlobalSection
	GlobalSection(ExtensibilityGlobals) = postSolution
		SolutionGuid = {EAFEE08F-02D9-462A-A57A-A7C415A8DB5E}
	EndGlobalSection
EndGlobal
