
Microsoft Visual Studio Solution File, Format Version 12.00
# Visual Studio Version 16
VisualStudioVersion = 16.0.31911.196
MinimumVisualStudioVersion = 10.0.40219.1
Project("{F184B08F-C81C-45F6-A57F-5ABD9991F28F}") = "VB_Ch7_CPA2_KatieSmith", "VB_Ch7_CPA2_KatieSmith\VB_Ch7_CPA2_KatieSmith.vbproj", "{28EF5AEE-C859-4A32-850F-261A20009415}"
EndProject
Global
	GlobalSection(SolutionConfigurationPlatforms) = preSolution
		Debug|Any CPU = Debug|Any CPU
		Release|Any CPU = Release|Any CPU
	EndGlobalSection
	GlobalSection(ProjectConfigurationPlatforms) = postSolution
		{28EF5AEE-C859-4A32-850F-261A20009415}.Debug|Any CPU.ActiveCfg = Debug|Any CPU
		{28EF5AEE-C859-4A32-850F-261A20009415}.Debug|Any CPU.Build.0 = Debug|Any CPU
		{28EF5AEE-C859-4A32-850F-261A20009415}.Release|Any CPU.ActiveCfg = Release|Any CPU
		{28EF5AEE-C859-4A32-850F-261A20009415}.Release|Any CPU.Build.0 = Release|Any CPU
	EndGlobalSection
	GlobalSection(SolutionProperties) = preSolution
		HideSolutionNode = FALSE
	EndGlobalSection
	GlobalSection(ExtensibilityGlobals) = postSolution
		SolutionGuid = {1C510BE9-BFC3-498C-85C4-CC33CD73235F}
	EndGlobalSection
EndGlobal
